
Microsoft Visual Studio Solution File, Format Version 12.00
Project("{FAE04EC0-301F-11D3-BF4B-00C04F79EFBC}") = "SodiumDL", "SodiumDL\SodiumDL.csproj", "{1473DDD8-6FAD-476A-9855-9153F86F6CA9}"
EndProject
Project("{FAE04EC0-301F-11D3-BF4B-00C04F79EFBC}") = "TestApp", "TestApp\TestApp.csproj", "{FCD8D247-752C-4308-8B54-6137C278A4AD}"
EndProject
Global
	GlobalSection(SolutionConfigurationPlatforms) = preSolution
		Debug|Any CPU = Debug|Any CPU
		Release|Any CPU = Release|Any CPU
	EndGlobalSection
	GlobalSection(ProjectConfigurationPlatforms) = postSolution
		{1473DDD8-6FAD-476A-9855-9153F86F6CA9}.Debug|Any CPU.ActiveCfg = Debug|Any CPU
		{1473DDD8-6FAD-476A-9855-9153F86F6CA9}.Debug|Any CPU.Build.0 = Debug|Any CPU
		{1473DDD8-6FAD-476A-9855-9153F86F6CA9}.Release|Any CPU.ActiveCfg = Release|Any CPU
		{1473DDD8-6FAD-476A-9855-9153F86F6CA9}.Release|Any CPU.Build.0 = Release|Any CPU
		{FCD8D247-752C-4308-8B54-6137C278A4AD}.Debug|Any CPU.ActiveCfg = Debug|Any CPU
		{FCD8D247-752C-4308-8B54-6137C278A4AD}.Debug|Any CPU.Build.0 = Debug|Any CPU
		{FCD8D247-752C-4308-8B54-6137C278A4AD}.Release|Any CPU.ActiveCfg = Release|Any CPU
		{FCD8D247-752C-4308-8B54-6137C278A4AD}.Release|Any CPU.Build.0 = Release|Any CPU
	EndGlobalSection
EndGlobal
